
Microsoft Visual Studio Solution File, Format Version 12.00
# Visual Studio Version 17
VisualStudioVersion = 17.13.35825.156 d17.13
MinimumVisualStudioVersion = 10.0.40219.1
Project("{FAE04EC0-301F-11D3-BF4B-00C04F79EFBC}") = "simcard", "simcard\simcard.csproj", "{5C37AF18-FACB-4B95-89AE-BACFEB7CBE79}"
EndProject
Global
	GlobalSection(SolutionConfigurationPlatforms) = preSolution
		Debug|Any CPU = Debug|Any CPU
		Release|Any CPU = Release|Any CPU
	EndGlobalSection
	GlobalSection(ProjectConfigurationPlatforms) = postSolution
		{5C37AF18-FACB-4B95-89AE-BACFEB7CBE79}.Debug|Any CPU.ActiveCfg = Debug|Any CPU
		{5C37AF18-FACB-4B95-89AE-BACFEB7CBE79}.Debug|Any CPU.Build.0 = Debug|Any CPU
		{5C37AF18-FACB-4B95-89AE-BACFEB7CBE79}.Release|Any CPU.ActiveCfg = Release|Any CPU
		{5C37AF18-FACB-4B95-89AE-BACFEB7CBE79}.Release|Any CPU.Build.0 = Release|Any CPU
	EndGlobalSection
	GlobalSection(SolutionProperties) = preSolution
		HideSolutionNode = FALSE
	EndGlobalSection
	GlobalSection(ExtensibilityGlobals) = postSolution
		SolutionGuid = {87E04F51-2165-4729-B83A-F99B3C6309A1}
	EndGlobalSection
EndGlobal
