
Microsoft Visual Studio Solution File, Format Version 12.00
# Visual Studio Version 17
VisualStudioVersion = 17.13.35825.156 d17.13
MinimumVisualStudioVersion = 10.0.40219.1
Project("{FAE04EC0-301F-11D3-BF4B-00C04F79EFBC}") = "HW3", "HW3\HW3.csproj", "{79119DA4-57A7-4A88-9F66-74E8DD190293}"
EndProject
Global
	GlobalSection(SolutionConfigurationPlatforms) = preSolution
		Debug|Any CPU = Debug|Any CPU
		Release|Any CPU = Release|Any CPU
	EndGlobalSection
	GlobalSection(ProjectConfigurationPlatforms) = postSolution
		{79119DA4-57A7-4A88-9F66-74E8DD190293}.Debug|Any CPU.ActiveCfg = Debug|Any CPU
		{79119DA4-57A7-4A88-9F66-74E8DD190293}.Debug|Any CPU.Build.0 = Debug|Any CPU
		{79119DA4-57A7-4A88-9F66-74E8DD190293}.Release|Any CPU.ActiveCfg = Release|Any CPU
		{79119DA4-57A7-4A88-9F66-74E8DD190293}.Release|Any CPU.Build.0 = Release|Any CPU
	EndGlobalSection
	GlobalSection(SolutionProperties) = preSolution
		HideSolutionNode = FALSE
	EndGlobalSection
	GlobalSection(ExtensibilityGlobals) = postSolution
		SolutionGuid = {458449BD-A4F3-44EF-8733-86C3EFABAE0B}
	EndGlobalSection
EndGlobal
